// !$*UTF8*$!
{
	archiveVersion = 1;
	classes = {
	};
	objectVersion = 48;
	objects = {

/* Begin PBXBuildFile section */
		16FBEFDF948F208C99AB7E1B /* Pods_RedditPlusTests.framework in Frameworks */ = {isa = PBXBuildFile; fileRef = C1D267641FCD459600959EBD /* Pods_RedditPlusTests.framework */; };
		8D22D27B6789EA485BFF2572 /* Pods_RedditPlusTests.framework in Frameworks */ = {isa = PBXBuildFile; fileRef = D8FD4A0DC7EB2F4186553177 /* Pods_RedditPlusTests.framework */; };
		C145CA341FCDACB900A68A82 /* RedditCommentCell.swift in Sources */ = {isa = PBXBuildFile; fileRef = C145CA331FCDACB900A68A82 /* RedditCommentCell.swift */; };
		C1B772B11FCDCB570015976A /* RedditItemExpandedCell.swift in Sources */ = {isa = PBXBuildFile; fileRef = C1B772B01FCDCB570015976A /* RedditItemExpandedCell.swift */; };
		C1D2673F1FCD3EC500959EBD /* AppDelegate.swift in Sources */ = {isa = PBXBuildFile; fileRef = C1D2673E1FCD3EC500959EBD /* AppDelegate.swift */; };
		C1D267411FCD3EC500959EBD /* ViewController.swift in Sources */ = {isa = PBXBuildFile; fileRef = C1D267401FCD3EC500959EBD /* ViewController.swift */; };
		C1D267461FCD3EC600959EBD /* Assets.xcassets in Resources */ = {isa = PBXBuildFile; fileRef = C1D267451FCD3EC600959EBD /* Assets.xcassets */; };
		C1D267491FCD3EC600959EBD /* LaunchScreen.storyboard in Resources */ = {isa = PBXBuildFile; fileRef = C1D267471FCD3EC600959EBD /* LaunchScreen.storyboard */; };
		C1D267541FCD3EC600959EBD /* RedditPlusTests.swift in Sources */ = {isa = PBXBuildFile; fileRef = C1D267531FCD3EC600959EBD /* RedditPlusTests.swift */; };
		C1D267661FCD45AD00959EBD /* Pods_RedditPlus.framework in Frameworks */ = {isa = PBXBuildFile; fileRef = 31C53B19CA1B3A48E15A27FB /* Pods_RedditPlus.framework */; };
		C1D267691FCD4FB000959EBD /* RedditItem.swift in Sources */ = {isa = PBXBuildFile; fileRef = C1D267681FCD4FB000959EBD /* RedditItem.swift */; };
		C1D2676C1FCD502C00959EBD /* NetworkManager.swift in Sources */ = {isa = PBXBuildFile; fileRef = C1D2676B1FCD502C00959EBD /* NetworkManager.swift */; };
		C1D2676F1FCD5AA200959EBD /* RedditItemCell.swift in Sources */ = {isa = PBXBuildFile; fileRef = C1D2676E1FCD5AA200959EBD /* RedditItemCell.swift */; };
		C1D267711FCD603400959EBD /* RedditItemsViewController.swift in Sources */ = {isa = PBXBuildFile; fileRef = C1D267701FCD603400959EBD /* RedditItemsViewController.swift */; };
		C1D267741FCD8DB500959EBD /* RedditItemsViewModel.swift in Sources */ = {isa = PBXBuildFile; fileRef = C1D267731FCD8DB500959EBD /* RedditItemsViewModel.swift */; };
		C1D267761FCDA0BA00959EBD /* RedditComment.swift in Sources */ = {isa = PBXBuildFile; fileRef = C1D267751FCDA0BA00959EBD /* RedditComment.swift */; };
		C1D267781FCDA5B900959EBD /* RedditCommentsViewController.swift in Sources */ = {isa = PBXBuildFile; fileRef = C1D267771FCDA5B900959EBD /* RedditCommentsViewController.swift */; };
		C1D2677A1FCDA5FC00959EBD /* RedditCommentViewModel.swift in Sources */ = {isa = PBXBuildFile; fileRef = C1D267791FCDA5FC00959EBD /* RedditCommentViewModel.swift */; };
		C1D2677C1FCDA65500959EBD /* RedditCommentsViewModel.swift in Sources */ = {isa = PBXBuildFile; fileRef = C1D2677B1FCDA65500959EBD /* RedditCommentsViewModel.swift */; };
		C1D2677E1FCDA67000959EBD /* RedditItemViewModel.swift in Sources */ = {isa = PBXBuildFile; fileRef = C1D2677D1FCDA67000959EBD /* RedditItemViewModel.swift */; };
/* End PBXBuildFile section */

/* Begin PBXContainerItemProxy section */
		C1D267501FCD3EC600959EBD /* PBXContainerItemProxy */ = {
			isa = PBXContainerItemProxy;
			containerPortal = C1D267331FCD3EC500959EBD /* Project object */;
			proxyType = 1;
			remoteGlobalIDString = C1D2673A1FCD3EC500959EBD;
			remoteInfo = RedditPlus;
		};
/* End PBXContainerItemProxy section */

/* Begin PBXFileReference section */
		0A7925A7C17132615EF3AE38 /* Pods-RedditPlusTests.debug.xcconfig */ = {isa = PBXFileReference; includeInIndex = 1; lastKnownFileType = text.xcconfig; name = "Pods-RedditPlusTests.debug.xcconfig"; path = "Pods/Target Support Files/Pods-RedditPlusTests/Pods-RedditPlusTests.debug.xcconfig"; sourceTree = "<group>"; };
		31C53B19CA1B3A48E15A27FB /* Pods_RedditPlus.framework */ = {isa = PBXFileReference; explicitFileType = wrapper.framework; includeInIndex = 0; path = Pods_RedditPlus.framework; sourceTree = BUILT_PRODUCTS_DIR; };
		40C6106566D1044C7E19B090 /* Pods-RedditPlus.release.xcconfig */ = {isa = PBXFileReference; includeInIndex = 1; lastKnownFileType = text.xcconfig; name = "Pods-RedditPlus.release.xcconfig"; path = "Pods/Target Support Files/Pods-RedditPlus/Pods-RedditPlus.release.xcconfig"; sourceTree = "<group>"; };
		B58542AED2EEA77C2E075401 /* Pods-RedditPlusTests.release.xcconfig */ = {isa = PBXFileReference; includeInIndex = 1; lastKnownFileType = text.xcconfig; name = "Pods-RedditPlusTests.release.xcconfig"; path = "Pods/Target Support Files/Pods-RedditPlusTests/Pods-RedditPlusTests.release.xcconfig"; sourceTree = "<group>"; };
		BD5D31D8608690D71591C8B7 /* Pods-RedditPlus.debug.xcconfig */ = {isa = PBXFileReference; includeInIndex = 1; lastKnownFileType = text.xcconfig; name = "Pods-RedditPlus.debug.xcconfig"; path = "Pods/Target Support Files/Pods-RedditPlus/Pods-RedditPlus.debug.xcconfig"; sourceTree = "<group>"; };
		C145CA331FCDACB900A68A82 /* RedditCommentCell.swift */ = {isa = PBXFileReference; lastKnownFileType = sourcecode.swift; path = RedditCommentCell.swift; sourceTree = "<group>"; };
		C1B772B01FCDCB570015976A /* RedditItemExpandedCell.swift */ = {isa = PBXFileReference; lastKnownFileType = sourcecode.swift; path = RedditItemExpandedCell.swift; sourceTree = "<group>"; };
		C1D2673B1FCD3EC500959EBD /* RedditPlus.app */ = {isa = PBXFileReference; explicitFileType = wrapper.application; includeInIndex = 0; path = RedditPlus.app; sourceTree = BUILT_PRODUCTS_DIR; };
		C1D2673E1FCD3EC500959EBD /* AppDelegate.swift */ = {isa = PBXFileReference; lastKnownFileType = sourcecode.swift; path = AppDelegate.swift; sourceTree = "<group>"; };
		C1D267401FCD3EC500959EBD /* ViewController.swift */ = {isa = PBXFileReference; lastKnownFileType = sourcecode.swift; path = ViewController.swift; sourceTree = "<group>"; };
		C1D267451FCD3EC600959EBD /* Assets.xcassets */ = {isa = PBXFileReference; lastKnownFileType = folder.assetcatalog; path = Assets.xcassets; sourceTree = "<group>"; };
		C1D267481FCD3EC600959EBD /* Base */ = {isa = PBXFileReference; lastKnownFileType = file.storyboard; name = Base; path = Base.lproj/LaunchScreen.storyboard; sourceTree = "<group>"; };
		C1D2674A1FCD3EC600959EBD /* Info.plist */ = {isa = PBXFileReference; lastKnownFileType = text.plist.xml; path = Info.plist; sourceTree = "<group>"; };
		C1D2674F1FCD3EC600959EBD /* RedditPlusTests.xctest */ = {isa = PBXFileReference; explicitFileType = wrapper.cfbundle; includeInIndex = 0; path = RedditPlusTests.xctest; sourceTree = BUILT_PRODUCTS_DIR; };
		C1D267531FCD3EC600959EBD /* RedditPlusTests.swift */ = {isa = PBXFileReference; lastKnownFileType = sourcecode.swift; path = RedditPlusTests.swift; sourceTree = "<group>"; };
		C1D267551FCD3EC600959EBD /* Info.plist */ = {isa = PBXFileReference; lastKnownFileType = text.plist.xml; path = Info.plist; sourceTree = "<group>"; };
		C1D267621FCD459600959EBD /* AFNetworking.framework */ = {isa = PBXFileReference; explicitFileType = wrapper.framework; path = AFNetworking.framework; sourceTree = BUILT_PRODUCTS_DIR; };
		C1D267631FCD459600959EBD /* Mantle.framework */ = {isa = PBXFileReference; explicitFileType = wrapper.framework; path = Mantle.framework; sourceTree = BUILT_PRODUCTS_DIR; };
		C1D267641FCD459600959EBD /* Pods_RedditPlusTests.framework */ = {isa = PBXFileReference; explicitFileType = wrapper.framework; path = Pods_RedditPlusTests.framework; sourceTree = BUILT_PRODUCTS_DIR; };
		C1D267651FCD459600959EBD /* RedditKit.framework */ = {isa = PBXFileReference; explicitFileType = wrapper.framework; path = RedditKit.framework; sourceTree = BUILT_PRODUCTS_DIR; };
		C1D267681FCD4FB000959EBD /* RedditItem.swift */ = {isa = PBXFileReference; lastKnownFileType = sourcecode.swift; path = RedditItem.swift; sourceTree = "<group>"; };
		C1D2676B1FCD502C00959EBD /* NetworkManager.swift */ = {isa = PBXFileReference; lastKnownFileType = sourcecode.swift; path = NetworkManager.swift; sourceTree = "<group>"; };
		C1D2676E1FCD5AA200959EBD /* RedditItemCell.swift */ = {isa = PBXFileReference; lastKnownFileType = sourcecode.swift; path = RedditItemCell.swift; sourceTree = "<group>"; };
		C1D267701FCD603400959EBD /* RedditItemsViewController.swift */ = {isa = PBXFileReference; lastKnownFileType = sourcecode.swift; path = RedditItemsViewController.swift; sourceTree = "<group>"; };
		C1D267731FCD8DB500959EBD /* RedditItemsViewModel.swift */ = {isa = PBXFileReference; lastKnownFileType = sourcecode.swift; path = RedditItemsViewModel.swift; sourceTree = "<group>"; };
		C1D267751FCDA0BA00959EBD /* RedditComment.swift */ = {isa = PBXFileReference; lastKnownFileType = sourcecode.swift; path = RedditComment.swift; sourceTree = "<group>"; };
		C1D267771FCDA5B900959EBD /* RedditCommentsViewController.swift */ = {isa = PBXFileReference; lastKnownFileType = sourcecode.swift; path = RedditCommentsViewController.swift; sourceTree = "<group>"; };
		C1D267791FCDA5FC00959EBD /* RedditCommentViewModel.swift */ = {isa = PBXFileReference; lastKnownFileType = sourcecode.swift; path = RedditCommentViewModel.swift; sourceTree = "<group>"; };
		C1D2677B1FCDA65500959EBD /* RedditCommentsViewModel.swift */ = {isa = PBXFileReference; lastKnownFileType = sourcecode.swift; path = RedditCommentsViewModel.swift; sourceTree = "<group>"; };
		C1D2677D1FCDA67000959EBD /* RedditItemViewModel.swift */ = {isa = PBXFileReference; lastKnownFileType = sourcecode.swift; path = RedditItemViewModel.swift; sourceTree = "<group>"; };
		D8FD4A0DC7EB2F4186553177 /* Pods_RedditPlusTests.framework */ = {isa = PBXFileReference; explicitFileType = wrapper.framework; includeInIndex = 0; path = Pods_RedditPlusTests.framework; sourceTree = BUILT_PRODUCTS_DIR; };
/* End PBXFileReference section */

/* Begin PBXFrameworksBuildPhase section */
		C1D267381FCD3EC500959EBD /* Frameworks */ = {
			isa = PBXFrameworksBuildPhase;
			buildActionMask = 2147483647;
			files = (
				C1D267661FCD45AD00959EBD /* Pods_RedditPlus.framework in Frameworks */,
			);
			runOnlyForDeploymentPostprocessing = 0;
		};
		C1D2674C1FCD3EC600959EBD /* Frameworks */ = {
			isa = PBXFrameworksBuildPhase;
			buildActionMask = 2147483647;
			files = (
				8D22D27B6789EA485BFF2572 /* Pods_RedditPlusTests.framework in Frameworks */,
				16FBEFDF948F208C99AB7E1B /* Pods_RedditPlusTests.framework in Frameworks */,
			);
			runOnlyForDeploymentPostprocessing = 0;
		};
/* End PBXFrameworksBuildPhase section */

/* Begin PBXGroup section */
		3132E2662E6BC8030EBD10A7 /* Frameworks */ = {
			isa = PBXGroup;
			children = (
				C1D267621FCD459600959EBD /* AFNetworking.framework */,
				C1D267631FCD459600959EBD /* Mantle.framework */,
				C1D267641FCD459600959EBD /* Pods_RedditPlusTests.framework */,
				C1D267651FCD459600959EBD /* RedditKit.framework */,
				31C53B19CA1B3A48E15A27FB /* Pods_RedditPlus.framework */,
				D8FD4A0DC7EB2F4186553177 /* Pods_RedditPlusTests.framework */,
			);
			name = Frameworks;
			sourceTree = "<group>";
		};
		C1D267321FCD3EC500959EBD = {
			isa = PBXGroup;
			children = (
				C1D2673D1FCD3EC500959EBD /* RedditPlus */,
				C1D267521FCD3EC600959EBD /* RedditPlusTests */,
				C1D2673C1FCD3EC500959EBD /* Products */,
				EB45E8818C2506BA9F62681F /* Pods */,
				3132E2662E6BC8030EBD10A7 /* Frameworks */,
			);
			sourceTree = "<group>";
		};
		C1D2673C1FCD3EC500959EBD /* Products */ = {
			isa = PBXGroup;
			children = (
				C1D2673B1FCD3EC500959EBD /* RedditPlus.app */,
				C1D2674F1FCD3EC600959EBD /* RedditPlusTests.xctest */,
			);
			name = Products;
			sourceTree = "<group>";
		};
		C1D2673D1FCD3EC500959EBD /* RedditPlus */ = {
			isa = PBXGroup;
			children = (
				C1D2673E1FCD3EC500959EBD /* AppDelegate.swift */,
				C1D267401FCD3EC500959EBD /* ViewController.swift */,
				C1D267721FCD8D9600959EBD /* View Model */,
				C1D2676D1FCD59D400959EBD /* Views */,
				C1D2676A1FCD501D00959EBD /* Network */,
				C1D267671FCD4FA300959EBD /* Models */,
				C1D267451FCD3EC600959EBD /* Assets.xcassets */,
				C1D267471FCD3EC600959EBD /* LaunchScreen.storyboard */,
				C1D2674A1FCD3EC600959EBD /* Info.plist */,
			);
			path = RedditPlus;
			sourceTree = "<group>";
		};
		C1D267521FCD3EC600959EBD /* RedditPlusTests */ = {
			isa = PBXGroup;
			children = (
				C1D267531FCD3EC600959EBD /* RedditPlusTests.swift */,
				C1D267551FCD3EC600959EBD /* Info.plist */,
			);
			path = RedditPlusTests;
			sourceTree = "<group>";
		};
		C1D267671FCD4FA300959EBD /* Models */ = {
			isa = PBXGroup;
			children = (
				C1D267681FCD4FB000959EBD /* RedditItem.swift */,
				C1D267751FCDA0BA00959EBD /* RedditComment.swift */,
			);
			path = Models;
			sourceTree = "<group>";
		};
		C1D2676A1FCD501D00959EBD /* Network */ = {
			isa = PBXGroup;
			children = (
				C1D2676B1FCD502C00959EBD /* NetworkManager.swift */,
			);
			path = Network;
			sourceTree = "<group>";
		};
		C1D2676D1FCD59D400959EBD /* Views */ = {
			isa = PBXGroup;
			children = (
				C1D2676E1FCD5AA200959EBD /* RedditItemCell.swift */,
				C1B772B01FCDCB570015976A /* RedditItemExpandedCell.swift */,
				C145CA331FCDACB900A68A82 /* RedditCommentCell.swift */,
				C1D267701FCD603400959EBD /* RedditItemsViewController.swift */,
				C1D267771FCDA5B900959EBD /* RedditCommentsViewController.swift */,
			);
			path = Views;
			sourceTree = "<group>";
		};
		C1D267721FCD8D9600959EBD /* View Model */ = {
			isa = PBXGroup;
			children = (
				C1D2677D1FCDA67000959EBD /* RedditItemViewModel.swift */,
				C1D267731FCD8DB500959EBD /* RedditItemsViewModel.swift */,
				C1D267791FCDA5FC00959EBD /* RedditCommentViewModel.swift */,
				C1D2677B1FCDA65500959EBD /* RedditCommentsViewModel.swift */,
			);
			path = "View Model";
			sourceTree = "<group>";
		};
		EB45E8818C2506BA9F62681F /* Pods */ = {
			isa = PBXGroup;
			children = (
				BD5D31D8608690D71591C8B7 /* Pods-RedditPlus.debug.xcconfig */,
				40C6106566D1044C7E19B090 /* Pods-RedditPlus.release.xcconfig */,
				0A7925A7C17132615EF3AE38 /* Pods-RedditPlusTests.debug.xcconfig */,
				B58542AED2EEA77C2E075401 /* Pods-RedditPlusTests.release.xcconfig */,
			);
			name = Pods;
			sourceTree = "<group>";
		};
/* End PBXGroup section */

/* Begin PBXNativeTarget section */
		C1D2673A1FCD3EC500959EBD /* RedditPlus */ = {
			isa = PBXNativeTarget;
			buildConfigurationList = C1D267581FCD3EC600959EBD /* Build configuration list for PBXNativeTarget "RedditPlus" */;
			buildPhases = (
				BBB32AD092F56B9DBBC6E148 /* [CP] Check Pods Manifest.lock */,
				C1D267371FCD3EC500959EBD /* Sources */,
				C1D267381FCD3EC500959EBD /* Frameworks */,
				C1D267391FCD3EC500959EBD /* Resources */,
				6A8B7A0699CC97F945CEB957 /* [CP] Embed Pods Frameworks */,
				8A408D1AD6E9BE6342336D21 /* [CP] Copy Pods Resources */,
			);
			buildRules = (
			);
			dependencies = (
			);
			name = RedditPlus;
			productName = RedditPlus;
			productReference = C1D2673B1FCD3EC500959EBD /* RedditPlus.app */;
			productType = "com.apple.product-type.application";
		};
		C1D2674E1FCD3EC600959EBD /* RedditPlusTests */ = {
			isa = PBXNativeTarget;
			buildConfigurationList = C1D2675B1FCD3EC600959EBD /* Build configuration list for PBXNativeTarget "RedditPlusTests" */;
			buildPhases = (
				758827FEDDBC7652788796F2 /* [CP] Check Pods Manifest.lock */,
				C1D2674B1FCD3EC600959EBD /* Sources */,
				C1D2674C1FCD3EC600959EBD /* Frameworks */,
				C1D2674D1FCD3EC600959EBD /* Resources */,
				F6F59BA0F30F70630EE94A66 /* [CP] Embed Pods Frameworks */,
				54F987D196B053AD472B9355 /* [CP] Copy Pods Resources */,
			);
			buildRules = (
			);
			dependencies = (
				C1D267511FCD3EC600959EBD /* PBXTargetDependency */,
			);
			name = RedditPlusTests;
			productName = RedditPlusTests;
			productReference = C1D2674F1FCD3EC600959EBD /* RedditPlusTests.xctest */;
			productType = "com.apple.product-type.bundle.unit-test";
		};
/* End PBXNativeTarget section */

/* Begin PBXProject section */
		C1D267331FCD3EC500959EBD /* Project object */ = {
			isa = PBXProject;
			attributes = {
				LastSwiftUpdateCheck = 0900;
				LastUpgradeCheck = 0900;
				ORGANIZATIONNAME = CMM;
				TargetAttributes = {
					C1D2673A1FCD3EC500959EBD = {
						CreatedOnToolsVersion = 9.0;
						ProvisioningStyle = Automatic;
					};
					C1D2674E1FCD3EC600959EBD = {
						CreatedOnToolsVersion = 9.0;
						ProvisioningStyle = Automatic;
						TestTargetID = C1D2673A1FCD3EC500959EBD;
					};
				};
			};
			buildConfigurationList = C1D267361FCD3EC500959EBD /* Build configuration list for PBXProject "RedditPlus" */;
			compatibilityVersion = "Xcode 8.0";
			developmentRegion = en;
			hasScannedForEncodings = 0;
			knownRegions = (
				en,
				Base,
			);
			mainGroup = C1D267321FCD3EC500959EBD;
			productRefGroup = C1D2673C1FCD3EC500959EBD /* Products */;
			projectDirPath = "";
			projectRoot = "";
			targets = (
				C1D2673A1FCD3EC500959EBD /* RedditPlus */,
				C1D2674E1FCD3EC600959EBD /* RedditPlusTests */,
			);
		};
/* End PBXProject section */

/* Begin PBXResourcesBuildPhase section */
		C1D267391FCD3EC500959EBD /* Resources */ = {
			isa = PBXResourcesBuildPhase;
			buildActionMask = 2147483647;
			files = (
				C1D267491FCD3EC600959EBD /* LaunchScreen.storyboard in Resources */,
				C1D267461FCD3EC600959EBD /* Assets.xcassets in Resources */,
			);
			runOnlyForDeploymentPostprocessing = 0;
		};
		C1D2674D1FCD3EC600959EBD /* Resources */ = {
			isa = PBXResourcesBuildPhase;
			buildActionMask = 2147483647;
			files = (
			);
			runOnlyForDeploymentPostprocessing = 0;
		};
/* End PBXResourcesBuildPhase section */

/* Begin PBXShellScriptBuildPhase section */
		54F987D196B053AD472B9355 /* [CP] Copy Pods Resources */ = {
			isa = PBXShellScriptBuildPhase;
			buildActionMask = 2147483647;
			files = (
			);
			inputPaths = (
			);
			name = "[CP] Copy Pods Resources";
			outputPaths = (
			);
			runOnlyForDeploymentPostprocessing = 0;
			shellPath = /bin/sh;
			shellScript = "\"${SRCROOT}/Pods/Target Support Files/Pods-RedditPlusTests/Pods-RedditPlusTests-resources.sh\"\n";
			showEnvVarsInLog = 0;
		};
		6A8B7A0699CC97F945CEB957 /* [CP] Embed Pods Frameworks */ = {
			isa = PBXShellScriptBuildPhase;
			buildActionMask = 2147483647;
			files = (
			);
			inputPaths = (
			);
			name = "[CP] Embed Pods Frameworks";
			outputPaths = (
			);
			runOnlyForDeploymentPostprocessing = 0;
			shellPath = /bin/sh;
			shellScript = "\"${SRCROOT}/Pods/Target Support Files/Pods-RedditPlus/Pods-RedditPlus-frameworks.sh\"\n";
			showEnvVarsInLog = 0;
		};
		758827FEDDBC7652788796F2 /* [CP] Check Pods Manifest.lock */ = {
			isa = PBXShellScriptBuildPhase;
			buildActionMask = 2147483647;
			files = (
			);
			inputPaths = (
			);
			name = "[CP] Check Pods Manifest.lock";
			outputPaths = (
			);
			runOnlyForDeploymentPostprocessing = 0;
			shellPath = /bin/sh;
			shellScript = "diff \"${PODS_ROOT}/../Podfile.lock\" \"${PODS_ROOT}/Manifest.lock\" > /dev/null\nif [ $? != 0 ] ; then\n    # print error to STDERR\n    echo \"error: The sandbox is not in sync with the Podfile.lock. Run 'pod install' or update your CocoaPods installation.\" >&2\n    exit 1\nfi\n";
			showEnvVarsInLog = 0;
		};
		8A408D1AD6E9BE6342336D21 /* [CP] Copy Pods Resources */ = {
			isa = PBXShellScriptBuildPhase;
			buildActionMask = 2147483647;
			files = (
			);
			inputPaths = (
			);
			name = "[CP] Copy Pods Resources";
			outputPaths = (
			);
			runOnlyForDeploymentPostprocessing = 0;
			shellPath = /bin/sh;
			shellScript = "\"${SRCROOT}/Pods/Target Support Files/Pods-RedditPlus/Pods-RedditPlus-resources.sh\"\n";
			showEnvVarsInLog = 0;
		};
		BBB32AD092F56B9DBBC6E148 /* [CP] Check Pods Manifest.lock */ = {
			isa = PBXShellScriptBuildPhase;
			buildActionMask = 2147483647;
			files = (
			);
			inputPaths = (
			);
			name = "[CP] Check Pods Manifest.lock";
			outputPaths = (
			);
			runOnlyForDeploymentPostprocessing = 0;
			shellPath = /bin/sh;
			shellScript = "diff \"${PODS_ROOT}/../Podfile.lock\" \"${PODS_ROOT}/Manifest.lock\" > /dev/null\nif [ $? != 0 ] ; then\n    # print error to STDERR\n    echo \"error: The sandbox is not in sync with the Podfile.lock. Run 'pod install' or update your CocoaPods installation.\" >&2\n    exit 1\nfi\n";
			showEnvVarsInLog = 0;
		};
		F6F59BA0F30F70630EE94A66 /* [CP] Embed Pods Frameworks */ = {
			isa = PBXShellScriptBuildPhase;
			buildActionMask = 2147483647;
			files = (
			);
			inputPaths = (
			);
			name = "[CP] Embed Pods Frameworks";
			outputPaths = (
			);
			runOnlyForDeploymentPostprocessing = 0;
			shellPath = /bin/sh;
			shellScript = "\"${SRCROOT}/Pods/Target Support Files/Pods-RedditPlusTests/Pods-RedditPlusTests-frameworks.sh\"\n";
			showEnvVarsInLog = 0;
		};
/* End PBXShellScriptBuildPhase section */

/* Begin PBXSourcesBuildPhase section */
		C1D267371FCD3EC500959EBD /* Sources */ = {
			isa = PBXSourcesBuildPhase;
			buildActionMask = 2147483647;
			files = (
				C1D2676C1FCD502C00959EBD /* NetworkManager.swift in Sources */,
				C1B772B11FCDCB570015976A /* RedditItemExpandedCell.swift in Sources */,
				C1D267741FCD8DB500959EBD /* RedditItemsViewModel.swift in Sources */,
				C1D2676F1FCD5AA200959EBD /* RedditItemCell.swift in Sources */,
				C1D2677E1FCDA67000959EBD /* RedditItemViewModel.swift in Sources */,
				C1D267411FCD3EC500959EBD /* ViewController.swift in Sources */,
				C1D267691FCD4FB000959EBD /* RedditItem.swift in Sources */,
				C1D2677C1FCDA65500959EBD /* RedditCommentsViewModel.swift in Sources */,
				C1D267781FCDA5B900959EBD /* RedditCommentsViewController.swift in Sources */,
				C1D267761FCDA0BA00959EBD /* RedditComment.swift in Sources */,
				C1D2673F1FCD3EC500959EBD /* AppDelegate.swift in Sources */,
				C145CA341FCDACB900A68A82 /* RedditCommentCell.swift in Sources */,
				C1D2677A1FCDA5FC00959EBD /* RedditCommentViewModel.swift in Sources */,
				C1D267711FCD603400959EBD /* RedditItemsViewController.swift in Sources */,
			);
			runOnlyForDeploymentPostprocessing = 0;
		};
		C1D2674B1FCD3EC600959EBD /* Sources */ = {
			isa = PBXSourcesBuildPhase;
			buildActionMask = 2147483647;
			files = (
				C1D267541FCD3EC600959EBD /* RedditPlusTests.swift in Sources */,
			);
			runOnlyForDeploymentPostprocessing = 0;
		};
/* End PBXSourcesBuildPhase section */

/* Begin PBXTargetDependency section */
		C1D267511FCD3EC600959EBD /* PBXTargetDependency */ = {
			isa = PBXTargetDependency;
			target = C1D2673A1FCD3EC500959EBD /* RedditPlus */;
			targetProxy = C1D267501FCD3EC600959EBD /* PBXContainerItemProxy */;
		};
/* End PBXTargetDependency section */

/* Begin PBXVariantGroup section */
		C1D267471FCD3EC600959EBD /* LaunchScreen.storyboard */ = {
			isa = PBXVariantGroup;
			children = (
				C1D267481FCD3EC600959EBD /* Base */,
			);
			name = LaunchScreen.storyboard;
			sourceTree = "<group>";
		};
/* End PBXVariantGroup section */

/* Begin XCBuildConfiguration section */
		C1D267561FCD3EC600959EBD /* Debug */ = {
			isa = XCBuildConfiguration;
			buildSettings = {
				ALWAYS_SEARCH_USER_PATHS = NO;
				CLANG_ANALYZER_NONNULL = YES;
				CLANG_ANALYZER_NUMBER_OBJECT_CONVERSION = YES_AGGRESSIVE;
				CLANG_CXX_LANGUAGE_STANDARD = "gnu++14";
				CLANG_CXX_LIBRARY = "libc++";
				CLANG_ENABLE_MODULES = YES;
				CLANG_ENABLE_OBJC_ARC = YES;
				CLANG_WARN_BLOCK_CAPTURE_AUTORELEASING = YES;
				CLANG_WARN_BOOL_CONVERSION = YES;
				CLANG_WARN_COMMA = YES;
				CLANG_WARN_CONSTANT_CONVERSION = YES;
				CLANG_WARN_DIRECT_OBJC_ISA_USAGE = YES_ERROR;
				CLANG_WARN_DOCUMENTATION_COMMENTS = YES;
				CLANG_WARN_EMPTY_BODY = YES;
				CLANG_WARN_ENUM_CONVERSION = YES;
				CLANG_WARN_INFINITE_RECURSION = YES;
				CLANG_WARN_INT_CONVERSION = YES;
				CLANG_WARN_NON_LITERAL_NULL_CONVERSION = YES;
				CLANG_WARN_OBJC_LITERAL_CONVERSION = YES;
				CLANG_WARN_OBJC_ROOT_CLASS = YES_ERROR;
				CLANG_WARN_RANGE_LOOP_ANALYSIS = YES;
				CLANG_WARN_STRICT_PROTOTYPES = YES;
				CLANG_WARN_SUSPICIOUS_MOVE = YES;
				CLANG_WARN_UNGUARDED_AVAILABILITY = YES_AGGRESSIVE;
				CLANG_WARN_UNREACHABLE_CODE = YES;
				CLANG_WARN__DUPLICATE_METHOD_MATCH = YES;
				CODE_SIGN_IDENTITY = "iPhone Developer";
				COPY_PHASE_STRIP = NO;
				DEBUG_INFORMATION_FORMAT = dwarf;
				ENABLE_STRICT_OBJC_MSGSEND = YES;
				ENABLE_TESTABILITY = YES;
				GCC_C_LANGUAGE_STANDARD = gnu11;
				GCC_DYNAMIC_NO_PIC = NO;
				GCC_NO_COMMON_BLOCKS = YES;
				GCC_OPTIMIZATION_LEVEL = 0;
				GCC_PREPROCESSOR_DEFINITIONS = (
					"DEBUG=1",
					"$(inherited)",
				);
				GCC_WARN_64_TO_32_BIT_CONVERSION = YES;
				GCC_WARN_ABOUT_RETURN_TYPE = YES_ERROR;
				GCC_WARN_UNDECLARED_SELECTOR = YES;
				GCC_WARN_UNINITIALIZED_AUTOS = YES_AGGRESSIVE;
				GCC_WARN_UNUSED_FUNCTION = YES;
				GCC_WARN_UNUSED_VARIABLE = YES;
				IPHONEOS_DEPLOYMENT_TARGET = 11.0;
				MTL_ENABLE_DEBUG_INFO = YES;
				ONLY_ACTIVE_ARCH = NO;
				SDKROOT = iphoneos;
				SWIFT_ACTIVE_COMPILATION_CONDITIONS = DEBUG;
				SWIFT_OPTIMIZATION_LEVEL = "-Onone";
			};
			name = Debug;
		};
		C1D267571FCD3EC600959EBD /* Release */ = {
			isa = XCBuildConfiguration;
			buildSettings = {
				ALWAYS_SEARCH_USER_PATHS = NO;
				CLANG_ANALYZER_NONNULL = YES;
				CLANG_ANALYZER_NUMBER_OBJECT_CONVERSION = YES_AGGRESSIVE;
				CLANG_CXX_LANGUAGE_STANDARD = "gnu++14";
				CLANG_CXX_LIBRARY = "libc++";
				CLANG_ENABLE_MODULES = YES;
				CLANG_ENABLE_OBJC_ARC = YES;
				CLANG_WARN_BLOCK_CAPTURE_AUTORELEASING = YES;
				CLANG_WARN_BOOL_CONVERSION = YES;
				CLANG_WARN_COMMA = YES;
				CLANG_WARN_CONSTANT_CONVERSION = YES;
				CLANG_WARN_DIRECT_OBJC_ISA_USAGE = YES_ERROR;
				CLANG_WARN_DOCUMENTATION_COMMENTS = YES;
				CLANG_WARN_EMPTY_BODY = YES;
				CLANG_WARN_ENUM_CONVERSION = YES;
				CLANG_WARN_INFINITE_RECURSION = YES;
				CLANG_WARN_INT_CONVERSION = YES;
				CLANG_WARN_NON_LITERAL_NULL_CONVERSION = YES;
				CLANG_WARN_OBJC_LITERAL_CONVERSION = YES;
				CLANG_WARN_OBJC_ROOT_CLASS = YES_ERROR;
				CLANG_WARN_RANGE_LOOP_ANALYSIS = YES;
				CLANG_WARN_STRICT_PROTOTYPES = YES;
				CLANG_WARN_SUSPICIOUS_MOVE = YES;
				CLANG_WARN_UNGUARDED_AVAILABILITY = YES_AGGRESSIVE;
				CLANG_WARN_UNREACHABLE_CODE = YES;
				CLANG_WARN__DUPLICATE_METHOD_MATCH = YES;
				CODE_SIGN_IDENTITY = "iPhone Developer";
				COPY_PHASE_STRIP = NO;
				DEBUG_INFORMATION_FORMAT = "dwarf-with-dsym";
				ENABLE_NS_ASSERTIONS = NO;
				ENABLE_STRICT_OBJC_MSGSEND = YES;
				GCC_C_LANGUAGE_STANDARD = gnu11;
				GCC_NO_COMMON_BLOCKS = YES;
				GCC_WARN_64_TO_32_BIT_CONVERSION = YES;
				GCC_WARN_ABOUT_RETURN_TYPE = YES_ERROR;
				GCC_WARN_UNDECLARED_SELECTOR = YES;
				GCC_WARN_UNINITIALIZED_AUTOS = YES_AGGRESSIVE;
				GCC_WARN_UNUSED_FUNCTION = YES;
				GCC_WARN_UNUSED_VARIABLE = YES;
				IPHONEOS_DEPLOYMENT_TARGET = 11.0;
				MTL_ENABLE_DEBUG_INFO = NO;
				ONLY_ACTIVE_ARCH = NO;
				SDKROOT = iphoneos;
				SWIFT_OPTIMIZATION_LEVEL = "-Owholemodule";
				VALIDATE_PRODUCT = YES;
			};
			name = Release;
		};
		C1D267591FCD3EC600959EBD /* Debug */ = {
			isa = XCBuildConfiguration;
			baseConfigurationReference = BD5D31D8608690D71591C8B7 /* Pods-RedditPlus.debug.xcconfig */;
			buildSettings = {
				ALWAYS_EMBED_SWIFT_STANDARD_LIBRARIES = "$(inherited)";
				ASSETCATALOG_COMPILER_APPICON_NAME = AppIcon;
				CODE_SIGN_STYLE = Automatic;
				DEVELOPMENT_TEAM = 2E3PK56V7J;
				FRAMEWORK_SEARCH_PATHS = "$(inherited)";
				INFOPLIST_FILE = RedditPlus/Info.plist;
				IPHONEOS_DEPLOYMENT_TARGET = 9.0;
				LD_RUNPATH_SEARCH_PATHS = "$(inherited) @executable_path/Frameworks";
				ONLY_ACTIVE_ARCH = NO;
				PRODUCT_BUNDLE_IDENTIFIER = CMM.RedditPlus;
				PRODUCT_NAME = "$(TARGET_NAME)";
				SWIFT_VERSION = 4.0;
				TARGETED_DEVICE_FAMILY = "1,2";
			};
			name = Debug;
		};
		C1D2675A1FCD3EC600959EBD /* Release */ = {
			isa = XCBuildConfiguration;
			baseConfigurationReference = 40C6106566D1044C7E19B090 /* Pods-RedditPlus.release.xcconfig */;
			buildSettings = {
				ALWAYS_EMBED_SWIFT_STANDARD_LIBRARIES = "$(inherited)";
				ASSETCATALOG_COMPILER_APPICON_NAME = AppIcon;
				CODE_SIGN_STYLE = Automatic;
				DEVELOPMENT_TEAM = 2E3PK56V7J;
				FRAMEWORK_SEARCH_PATHS = "$(inherited)";
				INFOPLIST_FILE = RedditPlus/Info.plist;
				IPHONEOS_DEPLOYMENT_TARGET = 9.0;
				LD_RUNPATH_SEARCH_PATHS = "$(inherited) @executable_path/Frameworks";
				ONLY_ACTIVE_ARCH = NO;
				PRODUCT_BUNDLE_IDENTIFIER = CMM.RedditPlus;
				PRODUCT_NAME = "$(TARGET_NAME)";
				SWIFT_VERSION = 4.0;
				TARGETED_DEVICE_FAMILY = "1,2";
			};
			name = Release;
		};
		C1D2675C1FCD3EC600959EBD /* Debug */ = {
			isa = XCBuildConfiguration;
			baseConfigurationReference = 0A7925A7C17132615EF3AE38 /* Pods-RedditPlusTests.debug.xcconfig */;
			buildSettings = {
				ALWAYS_EMBED_SWIFT_STANDARD_LIBRARIES = YES;
				BUNDLE_LOADER = "$(TEST_HOST)";
				CODE_SIGN_STYLE = Automatic;
				DEVELOPMENT_TEAM = E49EDX43G4;
				INFOPLIST_FILE = RedditPlusTests/Info.plist;
				LD_RUNPATH_SEARCH_PATHS = "$(inherited) @executable_path/Frameworks @loader_path/Frameworks";
				PRODUCT_BUNDLE_IDENTIFIER = CMM.RedditPlusTests;
				PRODUCT_NAME = "$(TARGET_NAME)";
				SWIFT_VERSION = 4.0;
				TARGETED_DEVICE_FAMILY = "1,2";
				TEST_HOST = "$(BUILT_PRODUCTS_DIR)/RedditPlus.app/RedditPlus";
			};
			name = Debug;
		};
		C1D2675D1FCD3EC600959EBD /* Release */ = {
			isa = XCBuildConfiguration;
			baseConfigurationReference = B58542AED2EEA77C2E075401 /* Pods-RedditPlusTests.release.xcconfig */;
			buildSettings = {
				ALWAYS_EMBED_SWIFT_STANDARD_LIBRARIES = YES;
				BUNDLE_LOADER = "$(TEST_HOST)";
				CODE_SIGN_STYLE = Automatic;
				DEVELOPMENT_TEAM = E49EDX43G4;
				INFOPLIST_FILE = RedditPlusTests/Info.plist;
				LD_RUNPATH_SEARCH_PATHS = "$(inherited) @executable_path/Frameworks @loader_path/Frameworks";
				PRODUCT_BUNDLE_IDENTIFIER = CMM.RedditPlusTests;
				PRODUCT_NAME = "$(TARGET_NAME)";
				SWIFT_VERSION = 4.0;
				TARGETED_DEVICE_FAMILY = "1,2";
				TEST_HOST = "$(BUILT_PRODUCTS_DIR)/RedditPlus.app/RedditPlus";
			};
			name = Release;
		};
/* End XCBuildConfiguration section */

/* Begin XCConfigurationList section */
		C1D267361FCD3EC500959EBD /* Build configuration list for PBXProject "RedditPlus" */ = {
			isa = XCConfigurationList;
			buildConfigurations = (
				C1D267561FCD3EC600959EBD /* Debug */,
				C1D267571FCD3EC600959EBD /* Release */,
			);
			defaultConfigurationIsVisible = 0;
			defaultConfigurationName = Release;
		};
		C1D267581FCD3EC600959EBD /* Build configuration list for PBXNativeTarget "RedditPlus" */ = {
			isa = XCConfigurationList;
			buildConfigurations = (
				C1D267591FCD3EC600959EBD /* Debug */,
				C1D2675A1FCD3EC600959EBD /* Release */,
			);
			defaultConfigurationIsVisible = 0;
			defaultConfigurationName = Release;
		};
		C1D2675B1FCD3EC600959EBD /* Build configuration list for PBXNativeTarget "RedditPlusTests" */ = {
			isa = XCConfigurationList;
			buildConfigurations = (
				C1D2675C1FCD3EC600959EBD /* Debug */,
				C1D2675D1FCD3EC600959EBD /* Release */,
			);
			defaultConfigurationIsVisible = 0;
			defaultConfigurationName = Release;
		};
/* End XCConfigurationList section */
	};
	rootObject = C1D267331FCD3EC500959EBD /* Project object */;
}
